
Microsoft Visual Studio Solution File, Format Version 12.00
# Visual Studio 2017
Project("{FAE04EC0-301F-11D3-BF4B-00C04F79EFBC}") = "CreatingARWithVuforia", "CreatingARWithVuforia.csproj", "{62B67FC6-8369-9E33-7DB6-670131ECBE62}"
EndProject
Project("{FAE04EC0-301F-11D3-BF4B-00C04F79EFBC}") = "CreatingARWithVuforia.Plugins", "CreatingARWithVuforia.Plugins.csproj", "{663E1FEC-7CCA-8F39-E1E6-120F22AD0DD6}"
EndProject
Project("{FAE04EC0-301F-11D3-BF4B-00C04F79EFBC}") = "CreatingARWithVuforia.Editor.Plugins", "CreatingARWithVuforia.Editor.Plugins.csproj", "{FCD64CCE-8E67-6752-8CEE-7EAF628B0060}"
EndProject
Project("{FAE04EC0-301F-11D3-BF4B-00C04F79EFBC}") = "CreatingARWithVuforia.Editor", "CreatingARWithVuforia.Editor.csproj", "{D93B08B8-06D3-99C7-5BFB-34A09FFA7F7A}"
EndProject
Global
	GlobalSection(SolutionConfigurationPlatforms) = preSolution
		Debug|Any CPU = Debug|Any CPU
		Release|Any CPU = Release|Any CPU
	EndGlobalSection
	GlobalSection(ProjectConfigurationPlatforms) = postSolution
		{62B67FC6-8369-9E33-7DB6-670131ECBE62}.Debug|Any CPU.ActiveCfg = Debug|Any CPU
		{62B67FC6-8369-9E33-7DB6-670131ECBE62}.Debug|Any CPU.Build.0 = Debug|Any CPU
		{62B67FC6-8369-9E33-7DB6-670131ECBE62}.Release|Any CPU.ActiveCfg = Release|Any CPU
		{62B67FC6-8369-9E33-7DB6-670131ECBE62}.Release|Any CPU.Build.0 = Release|Any CPU
		{663E1FEC-7CCA-8F39-E1E6-120F22AD0DD6}.Debug|Any CPU.ActiveCfg = Debug|Any CPU
		{663E1FEC-7CCA-8F39-E1E6-120F22AD0DD6}.Debug|Any CPU.Build.0 = Debug|Any CPU
		{663E1FEC-7CCA-8F39-E1E6-120F22AD0DD6}.Release|Any CPU.ActiveCfg = Release|Any CPU
		{663E1FEC-7CCA-8F39-E1E6-120F22AD0DD6}.Release|Any CPU.Build.0 = Release|Any CPU
		{FCD64CCE-8E67-6752-8CEE-7EAF628B0060}.Debug|Any CPU.ActiveCfg = Debug|Any CPU
		{FCD64CCE-8E67-6752-8CEE-7EAF628B0060}.Debug|Any CPU.Build.0 = Debug|Any CPU
		{FCD64CCE-8E67-6752-8CEE-7EAF628B0060}.Release|Any CPU.ActiveCfg = Release|Any CPU
		{FCD64CCE-8E67-6752-8CEE-7EAF628B0060}.Release|Any CPU.Build.0 = Release|Any CPU
		{D93B08B8-06D3-99C7-5BFB-34A09FFA7F7A}.Debug|Any CPU.ActiveCfg = Debug|Any CPU
		{D93B08B8-06D3-99C7-5BFB-34A09FFA7F7A}.Debug|Any CPU.Build.0 = Debug|Any CPU
		{D93B08B8-06D3-99C7-5BFB-34A09FFA7F7A}.Release|Any CPU.ActiveCfg = Release|Any CPU
		{D93B08B8-06D3-99C7-5BFB-34A09FFA7F7A}.Release|Any CPU.Build.0 = Release|Any CPU
	EndGlobalSection
	GlobalSection(SolutionProperties) = preSolution
		HideSolutionNode = FALSE
	EndGlobalSection
EndGlobal
