
Microsoft Visual Studio Solution File, Format Version 12.00
# Visual Studio 2017
Project("{FAE04EC0-301F-11D3-BF4B-00C04F79EFBC}") = "Crush Their Castle", "Crush Their Castle.csproj", "{7C29270F-ACF4-F2C3-13A9-E26909DAD3BC}"
EndProject
Project("{FAE04EC0-301F-11D3-BF4B-00C04F79EFBC}") = "Crush Their Castle.Editor", "Crush Their Castle.Editor.csproj", "{F0643569-F6F3-2937-D6FD-015AF2691896}"
EndProject
Global
	GlobalSection(SolutionConfigurationPlatforms) = preSolution
		Debug|Any CPU = Debug|Any CPU
		Release|Any CPU = Release|Any CPU
	EndGlobalSection
	GlobalSection(ProjectConfigurationPlatforms) = postSolution
		{7C29270F-ACF4-F2C3-13A9-E26909DAD3BC}.Debug|Any CPU.ActiveCfg = Debug|Any CPU
		{7C29270F-ACF4-F2C3-13A9-E26909DAD3BC}.Debug|Any CPU.Build.0 = Debug|Any CPU
		{7C29270F-ACF4-F2C3-13A9-E26909DAD3BC}.Release|Any CPU.ActiveCfg = Release|Any CPU
		{7C29270F-ACF4-F2C3-13A9-E26909DAD3BC}.Release|Any CPU.Build.0 = Release|Any CPU
		{F0643569-F6F3-2937-D6FD-015AF2691896}.Debug|Any CPU.ActiveCfg = Debug|Any CPU
		{F0643569-F6F3-2937-D6FD-015AF2691896}.Debug|Any CPU.Build.0 = Debug|Any CPU
		{F0643569-F6F3-2937-D6FD-015AF2691896}.Release|Any CPU.ActiveCfg = Release|Any CPU
		{F0643569-F6F3-2937-D6FD-015AF2691896}.Release|Any CPU.Build.0 = Release|Any CPU
	EndGlobalSection
	GlobalSection(SolutionProperties) = preSolution
		HideSolutionNode = FALSE
	EndGlobalSection
EndGlobal
